
Microsoft Visual Studio Solution File, Format Version 12.00
# Visual Studio Version 17
VisualStudioVersion = 17.13.35931.197 d17.13
MinimumVisualStudioVersion = 10.0.40219.1
Project("{FAE04EC0-301F-11D3-BF4B-00C04F79EFBC}") = "CyclicShift", "CyclicShift\CyclicShift.csproj", "{0BD77AD4-8358-4DCF-A230-2126F6D548D0}"
EndProject
Global
	GlobalSection(SolutionConfigurationPlatforms) = preSolution
		Debug|Any CPU = Debug|Any CPU
		Release|Any CPU = Release|Any CPU
	EndGlobalSection
	GlobalSection(ProjectConfigurationPlatforms) = postSolution
		{0BD77AD4-8358-4DCF-A230-2126F6D548D0}.Debug|Any CPU.ActiveCfg = Debug|Any CPU
		{0BD77AD4-8358-4DCF-A230-2126F6D548D0}.Debug|Any CPU.Build.0 = Debug|Any CPU
		{0BD77AD4-8358-4DCF-A230-2126F6D548D0}.Release|Any CPU.ActiveCfg = Release|Any CPU
		{0BD77AD4-8358-4DCF-A230-2126F6D548D0}.Release|Any CPU.Build.0 = Release|Any CPU
	EndGlobalSection
	GlobalSection(SolutionProperties) = preSolution
		HideSolutionNode = FALSE
	EndGlobalSection
	GlobalSection(ExtensibilityGlobals) = postSolution
		SolutionGuid = {442AB78F-602E-4915-A3E5-C13E90DF04F6}
	EndGlobalSection
EndGlobal
