
Microsoft Visual Studio Solution File, Format Version 12.00
# Visual Studio Version 17
VisualStudioVersion = 17.13.35931.197 d17.13
MinimumVisualStudioVersion = 10.0.40219.1
Project("{FAE04EC0-301F-11D3-BF4B-00C04F79EFBC}") = "SwapFunctions", "SwapFunctions\SwapFunctions.csproj", "{118FE4EB-08D5-4723-A01F-692198604352}"
EndProject
Global
	GlobalSection(SolutionConfigurationPlatforms) = preSolution
		Debug|Any CPU = Debug|Any CPU
		Release|Any CPU = Release|Any CPU
	EndGlobalSection
	GlobalSection(ProjectConfigurationPlatforms) = postSolution
		{118FE4EB-08D5-4723-A01F-692198604352}.Debug|Any CPU.ActiveCfg = Debug|Any CPU
		{118FE4EB-08D5-4723-A01F-692198604352}.Debug|Any CPU.Build.0 = Debug|Any CPU
		{118FE4EB-08D5-4723-A01F-692198604352}.Release|Any CPU.ActiveCfg = Release|Any CPU
		{118FE4EB-08D5-4723-A01F-692198604352}.Release|Any CPU.Build.0 = Release|Any CPU
	EndGlobalSection
	GlobalSection(SolutionProperties) = preSolution
		HideSolutionNode = FALSE
	EndGlobalSection
	GlobalSection(ExtensibilityGlobals) = postSolution
		SolutionGuid = {6DBC2177-41CE-461C-90E5-567E2263A2C9}
	EndGlobalSection
EndGlobal
